// !$*UTF8*$!
{
	archiveVersion = 1;
	classes = {
	};
	objectVersion = 56;
	objects = {

/* Begin PBXBuildFile section */
		ED4439E32BCEB15700933CB1 /* RequestBuilder.swift in Sources */ = {isa = PBXBuildFile; fileRef = ED4439E22BCEB15700933CB1 /* RequestBuilder.swift */; };
		ED4439E52BCEB18C00933CB1 /* ResponseModel.swift in Sources */ = {isa = PBXBuildFile; fileRef = ED4439E42BCEB18C00933CB1 /* ResponseModel.swift */; };
		ED4439E72BCEB1FB00933CB1 /* ErrorModel.swift in Sources */ = {isa = PBXBuildFile; fileRef = ED4439E62BCEB1FB00933CB1 /* ErrorModel.swift */; };
		ED4439EB2BCEB66900933CB1 /* AuthBodyRequest.json in Resources */ = {isa = PBXBuildFile; fileRef = ED8E659B2BCD790F00B44836 /* AuthBodyRequest.json */; };
		ED8ABDB72BC3EBD800D768B9 /* OrderAppApp.swift in Sources */ = {isa = PBXBuildFile; fileRef = ED8ABDB62BC3EBD800D768B9 /* OrderAppApp.swift */; };
		ED8ABDB92BC3EBD800D768B9 /* ContentView.swift in Sources */ = {isa = PBXBuildFile; fileRef = ED8ABDB82BC3EBD800D768B9 /* ContentView.swift */; };
		ED8ABDBB2BC3EBDB00D768B9 /* Assets.xcassets in Resources */ = {isa = PBXBuildFile; fileRef = ED8ABDBA2BC3EBDB00D768B9 /* Assets.xcassets */; };
		ED8ABDBF2BC3EBDB00D768B9 /* Preview Assets.xcassets in Resources */ = {isa = PBXBuildFile; fileRef = ED8ABDBE2BC3EBDB00D768B9 /* Preview Assets.xcassets */; };
		ED8ABDC92BC3EBDB00D768B9 /* OrderAppTests.swift in Sources */ = {isa = PBXBuildFile; fileRef = ED8ABDC82BC3EBDB00D768B9 /* OrderAppTests.swift */; };
		ED8ABDD32BC3EBDB00D768B9 /* OrderAppUITests.swift in Sources */ = {isa = PBXBuildFile; fileRef = ED8ABDD22BC3EBDB00D768B9 /* OrderAppUITests.swift */; };
		ED8ABDD52BC3EBDB00D768B9 /* OrderAppUITestsLaunchTests.swift in Sources */ = {isa = PBXBuildFile; fileRef = ED8ABDD42BC3EBDB00D768B9 /* OrderAppUITestsLaunchTests.swift */; };
		ED8ABDE32BC4098100D768B9 /* SQLite in Frameworks */ = {isa = PBXBuildFile; productRef = ED8ABDE22BC4098100D768B9 /* SQLite */; };
		ED8ABDE62BC40B3300D768B9 /* ProductModel.swift in Sources */ = {isa = PBXBuildFile; fileRef = ED8ABDE52BC40B3300D768B9 /* ProductModel.swift */; };
		ED8ABDE82BC412C600D768B9 /* ProductsDB.swift in Sources */ = {isa = PBXBuildFile; fileRef = ED8ABDE72BC412C600D768B9 /* ProductsDB.swift */; };
		ED8ABDEA2BC41A6600D768B9 /* OrderDB.swift in Sources */ = {isa = PBXBuildFile; fileRef = ED8ABDE92BC41A6600D768B9 /* OrderDB.swift */; };
		ED8ABDF22BC5358A00D768B9 /* GeneralModel.swift in Sources */ = {isa = PBXBuildFile; fileRef = ED8ABDF12BC5358A00D768B9 /* GeneralModel.swift */; };
		ED8ABDF52BC538A100D768B9 /* ProductsMenuViewModel.swift in Sources */ = {isa = PBXBuildFile; fileRef = ED8ABDF42BC538A100D768B9 /* ProductsMenuViewModel.swift */; };
		ED8ABE052BC54CC600D768B9 /* MenuBodyRequest.json in Resources */ = {isa = PBXBuildFile; fileRef = ED8ABE042BC54CC600D768B9 /* MenuBodyRequest.json */; };
		ED8ABE092BC553E500D768B9 /* SwiftyJSON in Frameworks */ = {isa = PBXBuildFile; productRef = ED8ABE082BC553E500D768B9 /* SwiftyJSON */; };
		ED8ABE0D2BC5913700D768B9 /* ProductsMenuView.swift in Sources */ = {isa = PBXBuildFile; fileRef = ED8ABE0C2BC5913700D768B9 /* ProductsMenuView.swift */; };
		ED8ABE0F2BC5914800D768B9 /* OrderView.swift in Sources */ = {isa = PBXBuildFile; fileRef = ED8ABE0E2BC5914800D768B9 /* OrderView.swift */; };
		ED8ABE112BC5915500D768B9 /* OrderViewModel.swift in Sources */ = {isa = PBXBuildFile; fileRef = ED8ABE102BC5915500D768B9 /* OrderViewModel.swift */; };
		ED8E9B2A2BCE87CB009D7588 /* MenuRouter.swift in Sources */ = {isa = PBXBuildFile; fileRef = ED8E9B292BCE87CB009D7588 /* MenuRouter.swift */; };
		ED8E9B2C2BCE87E9009D7588 /* MenuRepositry.swift in Sources */ = {isa = PBXBuildFile; fileRef = ED8E9B2B2BCE87E9009D7588 /* MenuRepositry.swift */; };
		ED8E9B2E2BCE929D009D7588 /* AuthModel.swift in Sources */ = {isa = PBXBuildFile; fileRef = ED8E9B2D2BCE929D009D7588 /* AuthModel.swift */; };
/* End PBXBuildFile section */

/* Begin PBXContainerItemProxy section */
		ED8ABDC52BC3EBDB00D768B9 /* PBXContainerItemProxy */ = {
			isa = PBXContainerItemProxy;
			containerPortal = ED8ABDAB2BC3EBD800D768B9 /* Project object */;
			proxyType = 1;
			remoteGlobalIDString = ED8ABDB22BC3EBD800D768B9;
			remoteInfo = OrderApp;
		};
		ED8ABDCF2BC3EBDB00D768B9 /* PBXContainerItemProxy */ = {
			isa = PBXContainerItemProxy;
			containerPortal = ED8ABDAB2BC3EBD800D768B9 /* Project object */;
			proxyType = 1;
			remoteGlobalIDString = ED8ABDB22BC3EBD800D768B9;
			remoteInfo = OrderApp;
		};
/* End PBXContainerItemProxy section */

/* Begin PBXFileReference section */
		ED4439E22BCEB15700933CB1 /* RequestBuilder.swift */ = {isa = PBXFileReference; lastKnownFileType = sourcecode.swift; path = RequestBuilder.swift; sourceTree = "<group>"; };
		ED4439E42BCEB18C00933CB1 /* ResponseModel.swift */ = {isa = PBXFileReference; lastKnownFileType = sourcecode.swift; path = ResponseModel.swift; sourceTree = "<group>"; };
		ED4439E62BCEB1FB00933CB1 /* ErrorModel.swift */ = {isa = PBXFileReference; lastKnownFileType = sourcecode.swift; path = ErrorModel.swift; sourceTree = "<group>"; };
		ED8ABDB32BC3EBD800D768B9 /* OrderApp.app */ = {isa = PBXFileReference; explicitFileType = wrapper.application; includeInIndex = 0; path = OrderApp.app; sourceTree = BUILT_PRODUCTS_DIR; };
		ED8ABDB62BC3EBD800D768B9 /* OrderAppApp.swift */ = {isa = PBXFileReference; lastKnownFileType = sourcecode.swift; path = OrderAppApp.swift; sourceTree = "<group>"; };
		ED8ABDB82BC3EBD800D768B9 /* ContentView.swift */ = {isa = PBXFileReference; lastKnownFileType = sourcecode.swift; path = ContentView.swift; sourceTree = "<group>"; };
		ED8ABDBA2BC3EBDB00D768B9 /* Assets.xcassets */ = {isa = PBXFileReference; lastKnownFileType = folder.assetcatalog; path = Assets.xcassets; sourceTree = "<group>"; };
		ED8ABDBC2BC3EBDB00D768B9 /* OrderApp.entitlements */ = {isa = PBXFileReference; lastKnownFileType = text.plist.entitlements; path = OrderApp.entitlements; sourceTree = "<group>"; };
		ED8ABDBE2BC3EBDB00D768B9 /* Preview Assets.xcassets */ = {isa = PBXFileReference; lastKnownFileType = folder.assetcatalog; path = "Preview Assets.xcassets"; sourceTree = "<group>"; };
		ED8ABDC42BC3EBDB00D768B9 /* OrderAppTests.xctest */ = {isa = PBXFileReference; explicitFileType = wrapper.cfbundle; includeInIndex = 0; path = OrderAppTests.xctest; sourceTree = BUILT_PRODUCTS_DIR; };
		ED8ABDC82BC3EBDB00D768B9 /* OrderAppTests.swift */ = {isa = PBXFileReference; lastKnownFileType = sourcecode.swift; path = OrderAppTests.swift; sourceTree = "<group>"; };
		ED8ABDCE2BC3EBDB00D768B9 /* OrderAppUITests.xctest */ = {isa = PBXFileReference; explicitFileType = wrapper.cfbundle; includeInIndex = 0; path = OrderAppUITests.xctest; sourceTree = BUILT_PRODUCTS_DIR; };
		ED8ABDD22BC3EBDB00D768B9 /* OrderAppUITests.swift */ = {isa = PBXFileReference; lastKnownFileType = sourcecode.swift; path = OrderAppUITests.swift; sourceTree = "<group>"; };
		ED8ABDD42BC3EBDB00D768B9 /* OrderAppUITestsLaunchTests.swift */ = {isa = PBXFileReference; lastKnownFileType = sourcecode.swift; path = OrderAppUITestsLaunchTests.swift; sourceTree = "<group>"; };
		ED8ABDE52BC40B3300D768B9 /* ProductModel.swift */ = {isa = PBXFileReference; lastKnownFileType = sourcecode.swift; path = ProductModel.swift; sourceTree = "<group>"; };
		ED8ABDE72BC412C600D768B9 /* ProductsDB.swift */ = {isa = PBXFileReference; lastKnownFileType = sourcecode.swift; path = ProductsDB.swift; sourceTree = "<group>"; };
		ED8ABDE92BC41A6600D768B9 /* OrderDB.swift */ = {isa = PBXFileReference; lastKnownFileType = sourcecode.swift; path = OrderDB.swift; sourceTree = "<group>"; };
		ED8ABDF12BC5358A00D768B9 /* GeneralModel.swift */ = {isa = PBXFileReference; lastKnownFileType = sourcecode.swift; path = GeneralModel.swift; sourceTree = "<group>"; };
		ED8ABDF42BC538A100D768B9 /* ProductsMenuViewModel.swift */ = {isa = PBXFileReference; lastKnownFileType = sourcecode.swift; path = ProductsMenuViewModel.swift; sourceTree = "<group>"; };
		ED8ABE042BC54CC600D768B9 /* MenuBodyRequest.json */ = {isa = PBXFileReference; fileEncoding = 4; lastKnownFileType = text.json; path = MenuBodyRequest.json; sourceTree = "<group>"; };
		ED8ABE0C2BC5913700D768B9 /* ProductsMenuView.swift */ = {isa = PBXFileReference; lastKnownFileType = sourcecode.swift; path = ProductsMenuView.swift; sourceTree = "<group>"; };
		ED8ABE0E2BC5914800D768B9 /* OrderView.swift */ = {isa = PBXFileReference; lastKnownFileType = sourcecode.swift; path = OrderView.swift; sourceTree = "<group>"; };
		ED8ABE102BC5915500D768B9 /* OrderViewModel.swift */ = {isa = PBXFileReference; lastKnownFileType = sourcecode.swift; path = OrderViewModel.swift; sourceTree = "<group>"; };
		ED8CE0D22BCFBE430086DD0E /* README.md */ = {isa = PBXFileReference; lastKnownFileType = net.daringfireball.markdown; path = README.md; sourceTree = "<group>"; };
		ED8E659B2BCD790F00B44836 /* AuthBodyRequest.json */ = {isa = PBXFileReference; fileEncoding = 4; lastKnownFileType = text.json; path = AuthBodyRequest.json; sourceTree = "<group>"; };
		ED8E9B292BCE87CB009D7588 /* MenuRouter.swift */ = {isa = PBXFileReference; lastKnownFileType = sourcecode.swift; path = MenuRouter.swift; sourceTree = "<group>"; };
		ED8E9B2B2BCE87E9009D7588 /* MenuRepositry.swift */ = {isa = PBXFileReference; lastKnownFileType = sourcecode.swift; path = MenuRepositry.swift; sourceTree = "<group>"; };
		ED8E9B2D2BCE929D009D7588 /* AuthModel.swift */ = {isa = PBXFileReference; lastKnownFileType = sourcecode.swift; path = AuthModel.swift; sourceTree = "<group>"; };
/* End PBXFileReference section */

/* Begin PBXFrameworksBuildPhase section */
		ED8ABDB02BC3EBD800D768B9 /* Frameworks */ = {
			isa = PBXFrameworksBuildPhase;
			buildActionMask = 2147483647;
			files = (
				ED8ABE092BC553E500D768B9 /* SwiftyJSON in Frameworks */,
				ED8ABDE32BC4098100D768B9 /* SQLite in Frameworks */,
			);
			runOnlyForDeploymentPostprocessing = 0;
		};
		ED8ABDC12BC3EBDB00D768B9 /* Frameworks */ = {
			isa = PBXFrameworksBuildPhase;
			buildActionMask = 2147483647;
			files = (
			);
			runOnlyForDeploymentPostprocessing = 0;
		};
		ED8ABDCB2BC3EBDB00D768B9 /* Frameworks */ = {
			isa = PBXFrameworksBuildPhase;
			buildActionMask = 2147483647;
			files = (
			);
			runOnlyForDeploymentPostprocessing = 0;
		};
/* End PBXFrameworksBuildPhase section */

/* Begin PBXGroup section */
		ED4439E82BCEB26700933CB1 /* DB */ = {
			isa = PBXGroup;
			children = (
				ED8ABDE72BC412C600D768B9 /* ProductsDB.swift */,
				ED8ABDE92BC41A6600D768B9 /* OrderDB.swift */,
			);
			path = DB;
			sourceTree = "<group>";
		};
		ED4439E92BCEB27000933CB1 /* General */ = {
			isa = PBXGroup;
			children = (
				ED8ABDF12BC5358A00D768B9 /* GeneralModel.swift */,
				ED8E9B2D2BCE929D009D7588 /* AuthModel.swift */,
				ED8ABDE52BC40B3300D768B9 /* ProductModel.swift */,
			);
			path = General;
			sourceTree = "<group>";
		};
		ED4439EA2BCEB27B00933CB1 /* Response */ = {
			isa = PBXGroup;
			children = (
				ED4439E42BCEB18C00933CB1 /* ResponseModel.swift */,
				ED4439E62BCEB1FB00933CB1 /* ErrorModel.swift */,
			);
			path = Response;
			sourceTree = "<group>";
		};
		ED8ABDAA2BC3EBD800D768B9 = {
			isa = PBXGroup;
			children = (
				ED8CE0D22BCFBE430086DD0E /* README.md */,
				ED8ABDB52BC3EBD800D768B9 /* OrderApp */,
				ED8ABDC72BC3EBDB00D768B9 /* OrderAppTests */,
				ED8ABDD12BC3EBDB00D768B9 /* OrderAppUITests */,
				ED8ABDB42BC3EBD800D768B9 /* Products */,
			);
			sourceTree = "<group>";
		};
		ED8ABDB42BC3EBD800D768B9 /* Products */ = {
			isa = PBXGroup;
			children = (
				ED8ABDB32BC3EBD800D768B9 /* OrderApp.app */,
				ED8ABDC42BC3EBDB00D768B9 /* OrderAppTests.xctest */,
				ED8ABDCE2BC3EBDB00D768B9 /* OrderAppUITests.xctest */,
			);
			name = Products;
			sourceTree = "<group>";
		};
		ED8ABDB52BC3EBD800D768B9 /* OrderApp */ = {
			isa = PBXGroup;
			children = (
				ED8ABDE42BC40B1F00D768B9 /* Model */,
				ED8ABDEB2BC431AE00D768B9 /* Network */,
				ED8ABDF32BC5367900D768B9 /* Views */,
				ED8ABDB82BC3EBD800D768B9 /* ContentView.swift */,
				ED8ABDB62BC3EBD800D768B9 /* OrderAppApp.swift */,
				ED8ABDBA2BC3EBDB00D768B9 /* Assets.xcassets */,
				ED8ABDBC2BC3EBDB00D768B9 /* OrderApp.entitlements */,
				ED8ABDBD2BC3EBDB00D768B9 /* Preview Content */,
			);
			path = OrderApp;
			sourceTree = "<group>";
		};
		ED8ABDBD2BC3EBDB00D768B9 /* Preview Content */ = {
			isa = PBXGroup;
			children = (
				ED8ABDBE2BC3EBDB00D768B9 /* Preview Assets.xcassets */,
			);
			path = "Preview Content";
			sourceTree = "<group>";
		};
		ED8ABDC72BC3EBDB00D768B9 /* OrderAppTests */ = {
			isa = PBXGroup;
			children = (
				ED8ABDC82BC3EBDB00D768B9 /* OrderAppTests.swift */,
			);
			path = OrderAppTests;
			sourceTree = "<group>";
		};
		ED8ABDD12BC3EBDB00D768B9 /* OrderAppUITests */ = {
			isa = PBXGroup;
			children = (
				ED8ABDD22BC3EBDB00D768B9 /* OrderAppUITests.swift */,
				ED8ABDD42BC3EBDB00D768B9 /* OrderAppUITestsLaunchTests.swift */,
			);
			path = OrderAppUITests;
			sourceTree = "<group>";
		};
		ED8ABDE42BC40B1F00D768B9 /* Model */ = {
			isa = PBXGroup;
			children = (
				ED4439EA2BCEB27B00933CB1 /* Response */,
				ED4439E92BCEB27000933CB1 /* General */,
				ED4439E82BCEB26700933CB1 /* DB */,
			);
			path = Model;
			sourceTree = "<group>";
		};
		ED8ABDEB2BC431AE00D768B9 /* Network */ = {
			isa = PBXGroup;
			children = (
				ED4439E22BCEB15700933CB1 /* RequestBuilder.swift */,
				ED8ABE042BC54CC600D768B9 /* MenuBodyRequest.json */,
				ED8E659B2BCD790F00B44836 /* AuthBodyRequest.json */,
			);
			path = Network;
			sourceTree = "<group>";
		};
		ED8ABDF32BC5367900D768B9 /* Views */ = {
			isa = PBXGroup;
			children = (
				ED8ABE0B2BC5911A00D768B9 /* Order */,
				ED8ABE0A2BC5911100D768B9 /* Menu */,
			);
			path = Views;
			sourceTree = "<group>";
		};
		ED8ABE0A2BC5911100D768B9 /* Menu */ = {
			isa = PBXGroup;
			children = (
				ED8E9B242BCE84B2009D7588 /* View */,
				ED8E9B252BCE84BA009D7588 /* ViewModel */,
				ED8E9B262BCE84C2009D7588 /* Data */,
			);
			path = Menu;
			sourceTree = "<group>";
		};
		ED8ABE0B2BC5911A00D768B9 /* Order */ = {
			isa = PBXGroup;
			children = (
				ED8ABE0E2BC5914800D768B9 /* OrderView.swift */,
				ED8ABE102BC5915500D768B9 /* OrderViewModel.swift */,
			);
			path = Order;
			sourceTree = "<group>";
		};
		ED8E9B242BCE84B2009D7588 /* View */ = {
			isa = PBXGroup;
			children = (
				ED8ABE0C2BC5913700D768B9 /* ProductsMenuView.swift */,
			);
			path = View;
			sourceTree = "<group>";
		};
		ED8E9B252BCE84BA009D7588 /* ViewModel */ = {
			isa = PBXGroup;
			children = (
				ED8ABDF42BC538A100D768B9 /* ProductsMenuViewModel.swift */,
			);
			path = ViewModel;
			sourceTree = "<group>";
		};
		ED8E9B262BCE84C2009D7588 /* Data */ = {
			isa = PBXGroup;
			children = (
				ED8E9B272BCE87A4009D7588 /* Repositry */,
				ED8E9B282BCE87AF009D7588 /* Router */,
			);
			path = Data;
			sourceTree = "<group>";
		};
		ED8E9B272BCE87A4009D7588 /* Repositry */ = {
			isa = PBXGroup;
			children = (
				ED8E9B2B2BCE87E9009D7588 /* MenuRepositry.swift */,
			);
			path = Repositry;
			sourceTree = "<group>";
		};
		ED8E9B282BCE87AF009D7588 /* Router */ = {
			isa = PBXGroup;
			children = (
				ED8E9B292BCE87CB009D7588 /* MenuRouter.swift */,
			);
			path = Router;
			sourceTree = "<group>";
		};
/* End PBXGroup section */

/* Begin PBXNativeTarget section */
		ED8ABDB22BC3EBD800D768B9 /* OrderApp */ = {
			isa = PBXNativeTarget;
			buildConfigurationList = ED8ABDD82BC3EBDB00D768B9 /* Build configuration list for PBXNativeTarget "OrderApp" */;
			buildPhases = (
				ED8ABDAF2BC3EBD800D768B9 /* Sources */,
				ED8ABDB02BC3EBD800D768B9 /* Frameworks */,
				ED8ABDB12BC3EBD800D768B9 /* Resources */,
			);
			buildRules = (
			);
			dependencies = (
			);
			name = OrderApp;
			packageProductDependencies = (
				ED8ABDE22BC4098100D768B9 /* SQLite */,
				ED8ABE082BC553E500D768B9 /* SwiftyJSON */,
			);
			productName = OrderApp;
			productReference = ED8ABDB32BC3EBD800D768B9 /* OrderApp.app */;
			productType = "com.apple.product-type.application";
		};
		ED8ABDC32BC3EBDB00D768B9 /* OrderAppTests */ = {
			isa = PBXNativeTarget;
			buildConfigurationList = ED8ABDDB2BC3EBDB00D768B9 /* Build configuration list for PBXNativeTarget "OrderAppTests" */;
			buildPhases = (
				ED8ABDC02BC3EBDB00D768B9 /* Sources */,
				ED8ABDC12BC3EBDB00D768B9 /* Frameworks */,
				ED8ABDC22BC3EBDB00D768B9 /* Resources */,
			);
			buildRules = (
			);
			dependencies = (
				ED8ABDC62BC3EBDB00D768B9 /* PBXTargetDependency */,
			);
			name = OrderAppTests;
			productName = OrderAppTests;
			productReference = ED8ABDC42BC3EBDB00D768B9 /* OrderAppTests.xctest */;
			productType = "com.apple.product-type.bundle.unit-test";
		};
		ED8ABDCD2BC3EBDB00D768B9 /* OrderAppUITests */ = {
			isa = PBXNativeTarget;
			buildConfigurationList = ED8ABDDE2BC3EBDB00D768B9 /* Build configuration list for PBXNativeTarget "OrderAppUITests" */;
			buildPhases = (
				ED8ABDCA2BC3EBDB00D768B9 /* Sources */,
				ED8ABDCB2BC3EBDB00D768B9 /* Frameworks */,
				ED8ABDCC2BC3EBDB00D768B9 /* Resources */,
			);
			buildRules = (
			);
			dependencies = (
				ED8ABDD02BC3EBDB00D768B9 /* PBXTargetDependency */,
			);
			name = OrderAppUITests;
			productName = OrderAppUITests;
			productReference = ED8ABDCE2BC3EBDB00D768B9 /* OrderAppUITests.xctest */;
			productType = "com.apple.product-type.bundle.ui-testing";
		};
/* End PBXNativeTarget section */

/* Begin PBXProject section */
		ED8ABDAB2BC3EBD800D768B9 /* Project object */ = {
			isa = PBXProject;
			attributes = {
				BuildIndependentTargetsInParallel = 1;
				LastSwiftUpdateCheck = 1520;
				LastUpgradeCheck = 1520;
				TargetAttributes = {
					ED8ABDB22BC3EBD800D768B9 = {
						CreatedOnToolsVersion = 15.2;
					};
					ED8ABDC32BC3EBDB00D768B9 = {
						CreatedOnToolsVersion = 15.2;
						TestTargetID = ED8ABDB22BC3EBD800D768B9;
					};
					ED8ABDCD2BC3EBDB00D768B9 = {
						CreatedOnToolsVersion = 15.2;
						TestTargetID = ED8ABDB22BC3EBD800D768B9;
					};
				};
			};
			buildConfigurationList = ED8ABDAE2BC3EBD800D768B9 /* Build configuration list for PBXProject "OrderApp" */;
			compatibilityVersion = "Xcode 14.0";
			developmentRegion = en;
			hasScannedForEncodings = 0;
			knownRegions = (
				en,
				Base,
			);
			mainGroup = ED8ABDAA2BC3EBD800D768B9;
			packageReferences = (
				ED8ABDE12BC4098100D768B9 /* XCRemoteSwiftPackageReference "SQLite.swift" */,
				ED8ABE072BC553E500D768B9 /* XCRemoteSwiftPackageReference "SwiftyJSON" */,
			);
			productRefGroup = ED8ABDB42BC3EBD800D768B9 /* Products */;
			projectDirPath = "";
			projectRoot = "";
			targets = (
				ED8ABDB22BC3EBD800D768B9 /* OrderApp */,
				ED8ABDC32BC3EBDB00D768B9 /* OrderAppTests */,
				ED8ABDCD2BC3EBDB00D768B9 /* OrderAppUITests */,
			);
		};
/* End PBXProject section */

/* Begin PBXResourcesBuildPhase section */
		ED8ABDB12BC3EBD800D768B9 /* Resources */ = {
			isa = PBXResourcesBuildPhase;
			buildActionMask = 2147483647;
			files = (
				ED4439EB2BCEB66900933CB1 /* AuthBodyRequest.json in Resources */,
				ED8ABDBF2BC3EBDB00D768B9 /* Preview Assets.xcassets in Resources */,
				ED8ABDBB2BC3EBDB00D768B9 /* Assets.xcassets in Resources */,
				ED8ABE052BC54CC600D768B9 /* MenuBodyRequest.json in Resources */,
			);
			runOnlyForDeploymentPostprocessing = 0;
		};
		ED8ABDC22BC3EBDB00D768B9 /* Resources */ = {
			isa = PBXResourcesBuildPhase;
			buildActionMask = 2147483647;
			files = (
			);
			runOnlyForDeploymentPostprocessing = 0;
		};
		ED8ABDCC2BC3EBDB00D768B9 /* Resources */ = {
			isa = PBXResourcesBuildPhase;
			buildActionMask = 2147483647;
			files = (
			);
			runOnlyForDeploymentPostprocessing = 0;
		};
/* End PBXResourcesBuildPhase section */

/* Begin PBXSourcesBuildPhase section */
		ED8ABDAF2BC3EBD800D768B9 /* Sources */ = {
			isa = PBXSourcesBuildPhase;
			buildActionMask = 2147483647;
			files = (
				ED8ABE112BC5915500D768B9 /* OrderViewModel.swift in Sources */,
				ED8ABDB92BC3EBD800D768B9 /* ContentView.swift in Sources */,
				ED8ABDE62BC40B3300D768B9 /* ProductModel.swift in Sources */,
				ED8ABDF22BC5358A00D768B9 /* GeneralModel.swift in Sources */,
				ED4439E72BCEB1FB00933CB1 /* ErrorModel.swift in Sources */,
				ED8ABDF52BC538A100D768B9 /* ProductsMenuViewModel.swift in Sources */,
				ED8ABDB72BC3EBD800D768B9 /* OrderAppApp.swift in Sources */,
				ED8ABDEA2BC41A6600D768B9 /* OrderDB.swift in Sources */,
				ED8ABDE82BC412C600D768B9 /* ProductsDB.swift in Sources */,
				ED8E9B2C2BCE87E9009D7588 /* MenuRepositry.swift in Sources */,
				ED8ABE0D2BC5913700D768B9 /* ProductsMenuView.swift in Sources */,
				ED8ABE0F2BC5914800D768B9 /* OrderView.swift in Sources */,
				ED8E9B2A2BCE87CB009D7588 /* MenuRouter.swift in Sources */,
				ED4439E52BCEB18C00933CB1 /* ResponseModel.swift in Sources */,
				ED8E9B2E2BCE929D009D7588 /* AuthModel.swift in Sources */,
				ED4439E32BCEB15700933CB1 /* RequestBuilder.swift in Sources */,
			);
			runOnlyForDeploymentPostprocessing = 0;
		};
		ED8ABDC02BC3EBDB00D768B9 /* Sources */ = {
			isa = PBXSourcesBuildPhase;
			buildActionMask = 2147483647;
			files = (
				ED8ABDC92BC3EBDB00D768B9 /* OrderAppTests.swift in Sources */,
			);
			runOnlyForDeploymentPostprocessing = 0;
		};
		ED8ABDCA2BC3EBDB00D768B9 /* Sources */ = {
			isa = PBXSourcesBuildPhase;
			buildActionMask = 2147483647;
			files = (
				ED8ABDD52BC3EBDB00D768B9 /* OrderAppUITestsLaunchTests.swift in Sources */,
				ED8ABDD32BC3EBDB00D768B9 /* OrderAppUITests.swift in Sources */,
			);
			runOnlyForDeploymentPostprocessing = 0;
		};
/* End PBXSourcesBuildPhase section */

/* Begin PBXTargetDependency section */
		ED8ABDC62BC3EBDB00D768B9 /* PBXTargetDependency */ = {
			isa = PBXTargetDependency;
			target = ED8ABDB22BC3EBD800D768B9 /* OrderApp */;
			targetProxy = ED8ABDC52BC3EBDB00D768B9 /* PBXContainerItemProxy */;
		};
		ED8ABDD02BC3EBDB00D768B9 /* PBXTargetDependency */ = {
			isa = PBXTargetDependency;
			target = ED8ABDB22BC3EBD800D768B9 /* OrderApp */;
			targetProxy = ED8ABDCF2BC3EBDB00D768B9 /* PBXContainerItemProxy */;
		};
/* End PBXTargetDependency section */

/* Begin XCBuildConfiguration section */
		ED8ABDD62BC3EBDB00D768B9 /* Debug */ = {
			isa = XCBuildConfiguration;
			buildSettings = {
				ALWAYS_SEARCH_USER_PATHS = NO;
				ASSETCATALOG_COMPILER_GENERATE_SWIFT_ASSET_SYMBOL_EXTENSIONS = YES;
				CLANG_ANALYZER_NONNULL = YES;
				CLANG_ANALYZER_NUMBER_OBJECT_CONVERSION = YES_AGGRESSIVE;
				CLANG_CXX_LANGUAGE_STANDARD = "gnu++20";
				CLANG_ENABLE_MODULES = YES;
				CLANG_ENABLE_OBJC_ARC = YES;
				CLANG_ENABLE_OBJC_WEAK = YES;
				CLANG_WARN_BLOCK_CAPTURE_AUTORELEASING = YES;
				CLANG_WARN_BOOL_CONVERSION = YES;
				CLANG_WARN_COMMA = YES;
				CLANG_WARN_CONSTANT_CONVERSION = YES;
				CLANG_WARN_DEPRECATED_OBJC_IMPLEMENTATIONS = YES;
				CLANG_WARN_DIRECT_OBJC_ISA_USAGE = YES_ERROR;
				CLANG_WARN_DOCUMENTATION_COMMENTS = YES;
				CLANG_WARN_EMPTY_BODY = YES;
				CLANG_WARN_ENUM_CONVERSION = YES;
				CLANG_WARN_INFINITE_RECURSION = YES;
				CLANG_WARN_INT_CONVERSION = YES;
				CLANG_WARN_NON_LITERAL_NULL_CONVERSION = YES;
				CLANG_WARN_OBJC_IMPLICIT_RETAIN_SELF = YES;
				CLANG_WARN_OBJC_LITERAL_CONVERSION = YES;
				CLANG_WARN_OBJC_ROOT_CLASS = YES_ERROR;
				CLANG_WARN_QUOTED_INCLUDE_IN_FRAMEWORK_HEADER = YES;
				CLANG_WARN_RANGE_LOOP_ANALYSIS = YES;
				CLANG_WARN_STRICT_PROTOTYPES = YES;
				CLANG_WARN_SUSPICIOUS_MOVE = YES;
				CLANG_WARN_UNGUARDED_AVAILABILITY = YES_AGGRESSIVE;
				CLANG_WARN_UNREACHABLE_CODE = YES;
				CLANG_WARN__DUPLICATE_METHOD_MATCH = YES;
				COPY_PHASE_STRIP = NO;
				DEBUG_INFORMATION_FORMAT = dwarf;
				ENABLE_STRICT_OBJC_MSGSEND = YES;
				ENABLE_TESTABILITY = YES;
				ENABLE_USER_SCRIPT_SANDBOXING = YES;
				GCC_C_LANGUAGE_STANDARD = gnu17;
				GCC_DYNAMIC_NO_PIC = NO;
				GCC_NO_COMMON_BLOCKS = YES;
				GCC_OPTIMIZATION_LEVEL = 0;
				GCC_PREPROCESSOR_DEFINITIONS = (
					"DEBUG=1",
					"$(inherited)",
				);
				GCC_WARN_64_TO_32_BIT_CONVERSION = YES;
				GCC_WARN_ABOUT_RETURN_TYPE = YES_ERROR;
				GCC_WARN_UNDECLARED_SELECTOR = YES;
				GCC_WARN_UNINITIALIZED_AUTOS = YES_AGGRESSIVE;
				GCC_WARN_UNUSED_FUNCTION = YES;
				GCC_WARN_UNUSED_VARIABLE = YES;
				LOCALIZATION_PREFERS_STRING_CATALOGS = YES;
				MTL_ENABLE_DEBUG_INFO = INCLUDE_SOURCE;
				MTL_FAST_MATH = YES;
				ONLY_ACTIVE_ARCH = YES;
				SWIFT_ACTIVE_COMPILATION_CONDITIONS = "DEBUG $(inherited)";
				SWIFT_OPTIMIZATION_LEVEL = "-Onone";
			};
			name = Debug;
		};
		ED8ABDD72BC3EBDB00D768B9 /* Release */ = {
			isa = XCBuildConfiguration;
			buildSettings = {
				ALWAYS_SEARCH_USER_PATHS = NO;
				ASSETCATALOG_COMPILER_GENERATE_SWIFT_ASSET_SYMBOL_EXTENSIONS = YES;
				CLANG_ANALYZER_NONNULL = YES;
				CLANG_ANALYZER_NUMBER_OBJECT_CONVERSION = YES_AGGRESSIVE;
				CLANG_CXX_LANGUAGE_STANDARD = "gnu++20";
				CLANG_ENABLE_MODULES = YES;
				CLANG_ENABLE_OBJC_ARC = YES;
				CLANG_ENABLE_OBJC_WEAK = YES;
				CLANG_WARN_BLOCK_CAPTURE_AUTORELEASING = YES;
				CLANG_WARN_BOOL_CONVERSION = YES;
				CLANG_WARN_COMMA = YES;
				CLANG_WARN_CONSTANT_CONVERSION = YES;
				CLANG_WARN_DEPRECATED_OBJC_IMPLEMENTATIONS = YES;
				CLANG_WARN_DIRECT_OBJC_ISA_USAGE = YES_ERROR;
				CLANG_WARN_DOCUMENTATION_COMMENTS = YES;
				CLANG_WARN_EMPTY_BODY = YES;
				CLANG_WARN_ENUM_CONVERSION = YES;
				CLANG_WARN_INFINITE_RECURSION = YES;
				CLANG_WARN_INT_CONVERSION = YES;
				CLANG_WARN_NON_LITERAL_NULL_CONVERSION = YES;
				CLANG_WARN_OBJC_IMPLICIT_RETAIN_SELF = YES;
				CLANG_WARN_OBJC_LITERAL_CONVERSION = YES;
				CLANG_WARN_OBJC_ROOT_CLASS = YES_ERROR;
				CLANG_WARN_QUOTED_INCLUDE_IN_FRAMEWORK_HEADER = YES;
				CLANG_WARN_RANGE_LOOP_ANALYSIS = YES;
				CLANG_WARN_STRICT_PROTOTYPES = YES;
				CLANG_WARN_SUSPICIOUS_MOVE = YES;
				CLANG_WARN_UNGUARDED_AVAILABILITY = YES_AGGRESSIVE;
				CLANG_WARN_UNREACHABLE_CODE = YES;
				CLANG_WARN__DUPLICATE_METHOD_MATCH = YES;
				COPY_PHASE_STRIP = NO;
				DEBUG_INFORMATION_FORMAT = "dwarf-with-dsym";
				ENABLE_NS_ASSERTIONS = NO;
				ENABLE_STRICT_OBJC_MSGSEND = YES;
				ENABLE_USER_SCRIPT_SANDBOXING = YES;
				GCC_C_LANGUAGE_STANDARD = gnu17;
				GCC_NO_COMMON_BLOCKS = YES;
				GCC_WARN_64_TO_32_BIT_CONVERSION = YES;
				GCC_WARN_ABOUT_RETURN_TYPE = YES_ERROR;
				GCC_WARN_UNDECLARED_SELECTOR = YES;
				GCC_WARN_UNINITIALIZED_AUTOS = YES_AGGRESSIVE;
				GCC_WARN_UNUSED_FUNCTION = YES;
				GCC_WARN_UNUSED_VARIABLE = YES;
				LOCALIZATION_PREFERS_STRING_CATALOGS = YES;
				MTL_ENABLE_DEBUG_INFO = NO;
				MTL_FAST_MATH = YES;
				SWIFT_COMPILATION_MODE = wholemodule;
			};
			name = Release;
		};
		ED8ABDD92BC3EBDB00D768B9 /* Debug */ = {
			isa = XCBuildConfiguration;
			buildSettings = {
				ASSETCATALOG_COMPILER_APPICON_NAME = AppIcon;
				ASSETCATALOG_COMPILER_GLOBAL_ACCENT_COLOR_NAME = AccentColor;
				CODE_SIGN_ENTITLEMENTS = OrderApp/OrderApp.entitlements;
				CODE_SIGN_STYLE = Automatic;
				CURRENT_PROJECT_VERSION = 1;
				DEVELOPMENT_ASSET_PATHS = "\"OrderApp/Preview Content\"";
				ENABLE_PREVIEWS = YES;
				GENERATE_INFOPLIST_FILE = YES;
				"INFOPLIST_KEY_UIApplicationSceneManifest_Generation[sdk=iphoneos*]" = YES;
				"INFOPLIST_KEY_UIApplicationSceneManifest_Generation[sdk=iphonesimulator*]" = YES;
				"INFOPLIST_KEY_UIApplicationSupportsIndirectInputEvents[sdk=iphoneos*]" = YES;
				"INFOPLIST_KEY_UIApplicationSupportsIndirectInputEvents[sdk=iphonesimulator*]" = YES;
				"INFOPLIST_KEY_UILaunchScreen_Generation[sdk=iphoneos*]" = YES;
				"INFOPLIST_KEY_UILaunchScreen_Generation[sdk=iphonesimulator*]" = YES;
				"INFOPLIST_KEY_UIStatusBarStyle[sdk=iphoneos*]" = UIStatusBarStyleDefault;
				"INFOPLIST_KEY_UIStatusBarStyle[sdk=iphonesimulator*]" = UIStatusBarStyleDefault;
				INFOPLIST_KEY_UISupportedInterfaceOrientations_iPad = "UIInterfaceOrientationPortrait UIInterfaceOrientationPortraitUpsideDown UIInterfaceOrientationLandscapeLeft UIInterfaceOrientationLandscapeRight";
				INFOPLIST_KEY_UISupportedInterfaceOrientations_iPhone = "UIInterfaceOrientationPortrait UIInterfaceOrientationLandscapeLeft UIInterfaceOrientationLandscapeRight";
				IPHONEOS_DEPLOYMENT_TARGET = 17.2;
				LD_RUNPATH_SEARCH_PATHS = "@executable_path/Frameworks";
				"LD_RUNPATH_SEARCH_PATHS[sdk=macosx*]" = "@executable_path/../Frameworks";
				MACOSX_DEPLOYMENT_TARGET = 13.6;
				MARKETING_VERSION = 1.0;
				PRODUCT_BUNDLE_IDENTIFIER = com.demo.OrderApp;
				PRODUCT_NAME = "$(TARGET_NAME)";
				SDKROOT = auto;
				SUPPORTED_PLATFORMS = "iphoneos iphonesimulator macosx";
				SWIFT_EMIT_LOC_STRINGS = YES;
				SWIFT_VERSION = 5.0;
				TARGETED_DEVICE_FAMILY = "1,2";
			};
			name = Debug;
		};
		ED8ABDDA2BC3EBDB00D768B9 /* Release */ = {
			isa = XCBuildConfiguration;
			buildSettings = {
				ASSETCATALOG_COMPILER_APPICON_NAME = AppIcon;
				ASSETCATALOG_COMPILER_GLOBAL_ACCENT_COLOR_NAME = AccentColor;
				CODE_SIGN_ENTITLEMENTS = OrderApp/OrderApp.entitlements;
				CODE_SIGN_STYLE = Automatic;
				CURRENT_PROJECT_VERSION = 1;
				DEVELOPMENT_ASSET_PATHS = "\"OrderApp/Preview Content\"";
				ENABLE_PREVIEWS = YES;
				GENERATE_INFOPLIST_FILE = YES;
				"INFOPLIST_KEY_UIApplicationSceneManifest_Generation[sdk=iphoneos*]" = YES;
				"INFOPLIST_KEY_UIApplicationSceneManifest_Generation[sdk=iphonesimulator*]" = YES;
				"INFOPLIST_KEY_UIApplicationSupportsIndirectInputEvents[sdk=iphoneos*]" = YES;
				"INFOPLIST_KEY_UIApplicationSupportsIndirectInputEvents[sdk=iphonesimulator*]" = YES;
				"INFOPLIST_KEY_UILaunchScreen_Generation[sdk=iphoneos*]" = YES;
				"INFOPLIST_KEY_UILaunchScreen_Generation[sdk=iphonesimulator*]" = YES;
				"INFOPLIST_KEY_UIStatusBarStyle[sdk=iphoneos*]" = UIStatusBarStyleDefault;
				"INFOPLIST_KEY_UIStatusBarStyle[sdk=iphonesimulator*]" = UIStatusBarStyleDefault;
				INFOPLIST_KEY_UISupportedInterfaceOrientations_iPad = "UIInterfaceOrientationPortrait UIInterfaceOrientationPortraitUpsideDown UIInterfaceOrientationLandscapeLeft UIInterfaceOrientationLandscapeRight";
				INFOPLIST_KEY_UISupportedInterfaceOrientations_iPhone = "UIInterfaceOrientationPortrait UIInterfaceOrientationLandscapeLeft UIInterfaceOrientationLandscapeRight";
				IPHONEOS_DEPLOYMENT_TARGET = 17.2;
				LD_RUNPATH_SEARCH_PATHS = "@executable_path/Frameworks";
				"LD_RUNPATH_SEARCH_PATHS[sdk=macosx*]" = "@executable_path/../Frameworks";
				MACOSX_DEPLOYMENT_TARGET = 13.6;
				MARKETING_VERSION = 1.0;
				PRODUCT_BUNDLE_IDENTIFIER = com.demo.OrderApp;
				PRODUCT_NAME = "$(TARGET_NAME)";
				SDKROOT = auto;
				SUPPORTED_PLATFORMS = "iphoneos iphonesimulator macosx";
				SWIFT_EMIT_LOC_STRINGS = YES;
				SWIFT_VERSION = 5.0;
				TARGETED_DEVICE_FAMILY = "1,2";
			};
			name = Release;
		};
		ED8ABDDC2BC3EBDB00D768B9 /* Debug */ = {
			isa = XCBuildConfiguration;
			buildSettings = {
				ALWAYS_EMBED_SWIFT_STANDARD_LIBRARIES = YES;
				BUNDLE_LOADER = "$(TEST_HOST)";
				CODE_SIGN_STYLE = Automatic;
				CURRENT_PROJECT_VERSION = 1;
				GENERATE_INFOPLIST_FILE = YES;
				IPHONEOS_DEPLOYMENT_TARGET = 17.2;
				MACOSX_DEPLOYMENT_TARGET = 13.6;
				MARKETING_VERSION = 1.0;
				PRODUCT_BUNDLE_IDENTIFIER = com.demo.OrderAppTests;
				PRODUCT_NAME = "$(TARGET_NAME)";
				SDKROOT = auto;
				SUPPORTED_PLATFORMS = "iphoneos iphonesimulator macosx";
				SWIFT_EMIT_LOC_STRINGS = NO;
				SWIFT_VERSION = 5.0;
				TARGETED_DEVICE_FAMILY = "1,2";
				TEST_HOST = "$(BUILT_PRODUCTS_DIR)/OrderApp.app/$(BUNDLE_EXECUTABLE_FOLDER_PATH)/OrderApp";
			};
			name = Debug;
		};
		ED8ABDDD2BC3EBDB00D768B9 /* Release */ = {
			isa = XCBuildConfiguration;
			buildSettings = {
				ALWAYS_EMBED_SWIFT_STANDARD_LIBRARIES = YES;
				BUNDLE_LOADER = "$(TEST_HOST)";
				CODE_SIGN_STYLE = Automatic;
				CURRENT_PROJECT_VERSION = 1;
				GENERATE_INFOPLIST_FILE = YES;
				IPHONEOS_DEPLOYMENT_TARGET = 17.2;
				MACOSX_DEPLOYMENT_TARGET = 13.6;
				MARKETING_VERSION = 1.0;
				PRODUCT_BUNDLE_IDENTIFIER = com.demo.OrderAppTests;
				PRODUCT_NAME = "$(TARGET_NAME)";
				SDKROOT = auto;
				SUPPORTED_PLATFORMS = "iphoneos iphonesimulator macosx";
				SWIFT_EMIT_LOC_STRINGS = NO;
				SWIFT_VERSION = 5.0;
				TARGETED_DEVICE_FAMILY = "1,2";
				TEST_HOST = "$(BUILT_PRODUCTS_DIR)/OrderApp.app/$(BUNDLE_EXECUTABLE_FOLDER_PATH)/OrderApp";
			};
			name = Release;
		};
		ED8ABDDF2BC3EBDB00D768B9 /* Debug */ = {
			isa = XCBuildConfiguration;
			buildSettings = {
				ALWAYS_EMBED_SWIFT_STANDARD_LIBRARIES = YES;
				CODE_SIGN_STYLE = Automatic;
				CURRENT_PROJECT_VERSION = 1;
				GENERATE_INFOPLIST_FILE = YES;
				IPHONEOS_DEPLOYMENT_TARGET = 17.2;
				MACOSX_DEPLOYMENT_TARGET = 13.6;
				MARKETING_VERSION = 1.0;
				PRODUCT_BUNDLE_IDENTIFIER = com.demo.OrderAppUITests;
				PRODUCT_NAME = "$(TARGET_NAME)";
				SDKROOT = auto;
				SUPPORTED_PLATFORMS = "iphoneos iphonesimulator macosx";
				SWIFT_EMIT_LOC_STRINGS = NO;
				SWIFT_VERSION = 5.0;
				TARGETED_DEVICE_FAMILY = "1,2";
				TEST_TARGET_NAME = OrderApp;
			};
			name = Debug;
		};
		ED8ABDE02BC3EBDB00D768B9 /* Release */ = {
			isa = XCBuildConfiguration;
			buildSettings = {
				ALWAYS_EMBED_SWIFT_STANDARD_LIBRARIES = YES;
				CODE_SIGN_STYLE = Automatic;
				CURRENT_PROJECT_VERSION = 1;
				GENERATE_INFOPLIST_FILE = YES;
				IPHONEOS_DEPLOYMENT_TARGET = 17.2;
				MACOSX_DEPLOYMENT_TARGET = 13.6;
				MARKETING_VERSION = 1.0;
				PRODUCT_BUNDLE_IDENTIFIER = com.demo.OrderAppUITests;
				PRODUCT_NAME = "$(TARGET_NAME)";
				SDKROOT = auto;
				SUPPORTED_PLATFORMS = "iphoneos iphonesimulator macosx";
				SWIFT_EMIT_LOC_STRINGS = NO;
				SWIFT_VERSION = 5.0;
				TARGETED_DEVICE_FAMILY = "1,2";
				TEST_TARGET_NAME = OrderApp;
			};
			name = Release;
		};
/* End XCBuildConfiguration section */

/* Begin XCConfigurationList section */
		ED8ABDAE2BC3EBD800D768B9 /* Build configuration list for PBXProject "OrderApp" */ = {
			isa = XCConfigurationList;
			buildConfigurations = (
				ED8ABDD62BC3EBDB00D768B9 /* Debug */,
				ED8ABDD72BC3EBDB00D768B9 /* Release */,
			);
			defaultConfigurationIsVisible = 0;
			defaultConfigurationName = Release;
		};
		ED8ABDD82BC3EBDB00D768B9 /* Build configuration list for PBXNativeTarget "OrderApp" */ = {
			isa = XCConfigurationList;
			buildConfigurations = (
				ED8ABDD92BC3EBDB00D768B9 /* Debug */,
				ED8ABDDA2BC3EBDB00D768B9 /* Release */,
			);
			defaultConfigurationIsVisible = 0;
			defaultConfigurationName = Release;
		};
		ED8ABDDB2BC3EBDB00D768B9 /* Build configuration list for PBXNativeTarget "OrderAppTests" */ = {
			isa = XCConfigurationList;
			buildConfigurations = (
				ED8ABDDC2BC3EBDB00D768B9 /* Debug */,
				ED8ABDDD2BC3EBDB00D768B9 /* Release */,
			);
			defaultConfigurationIsVisible = 0;
			defaultConfigurationName = Release;
		};
		ED8ABDDE2BC3EBDB00D768B9 /* Build configuration list for PBXNativeTarget "OrderAppUITests" */ = {
			isa = XCConfigurationList;
			buildConfigurations = (
				ED8ABDDF2BC3EBDB00D768B9 /* Debug */,
				ED8ABDE02BC3EBDB00D768B9 /* Release */,
			);
			defaultConfigurationIsVisible = 0;
			defaultConfigurationName = Release;
		};
/* End XCConfigurationList section */

/* Begin XCRemoteSwiftPackageReference section */
		ED8ABDE12BC4098100D768B9 /* XCRemoteSwiftPackageReference "SQLite.swift" */ = {
			isa = XCRemoteSwiftPackageReference;
			repositoryURL = "https://github.com/stephencelis/SQLite.swift.git";
			requirement = {
				kind = upToNextMajorVersion;
				minimumVersion = 0.15.0;
			};
		};
		ED8ABE072BC553E500D768B9 /* XCRemoteSwiftPackageReference "SwiftyJSON" */ = {
			isa = XCRemoteSwiftPackageReference;
			repositoryURL = "https://github.com/SwiftyJSON/SwiftyJSON.git";
			requirement = {
				kind = upToNextMajorVersion;
				minimumVersion = 5.0.2;
			};
		};
/* End XCRemoteSwiftPackageReference section */

/* Begin XCSwiftPackageProductDependency section */
		ED8ABDE22BC4098100D768B9 /* SQLite */ = {
			isa = XCSwiftPackageProductDependency;
			package = ED8ABDE12BC4098100D768B9 /* XCRemoteSwiftPackageReference "SQLite.swift" */;
			productName = SQLite;
		};
		ED8ABE082BC553E500D768B9 /* SwiftyJSON */ = {
			isa = XCSwiftPackageProductDependency;
			package = ED8ABE072BC553E500D768B9 /* XCRemoteSwiftPackageReference "SwiftyJSON" */;
			productName = SwiftyJSON;
		};
/* End XCSwiftPackageProductDependency section */
	};
	rootObject = ED8ABDAB2BC3EBD800D768B9 /* Project object */;
}
